<?xml version="1.0"?>
<CONFIG>
  <ProjectOptions>
    <Version Value="9"/>
    <PathDelim Value="\"/>
    <General>
      <MainUnit Value="0"/>
      <Title Value="Dianet Dialer"/>
      <UseXPManifest Value="True"/>
      <Icon Value="0"/>
      <ActiveWindowIndexAtStart Value="0"/>
    </General>
    <VersionInfo>
      <UseVersionInfo Value="True"/>
      <MajorVersionNr Value="1"/>
      <MinorVersionNr Value="3"/>
      <RevisionNr Value="2"/>
      <BuildNr Value="1"/>
      <Language Value="0419"/>
      <CharSet Value="04B0"/>
      <StringTable Comments="Autor Derwin" CompanyName="Дианэт" FileDescription="Dianet Dialer" InternalName="dianetdialer" LegalCopyright="©«Дианэт»" OriginalFilename="dianetdialer" ProductName="Dianet Dialer" ProductVersion="1.3.2.0"/>
    </VersionInfo>
    <BuildModes Count="1">
      <Item1 Name="default" Default="True"/>
    </BuildModes>
    <PublishOptions>
      <Version Value="2"/>
      <IgnoreBinaries Value="False"/>
      <IncludeFileFilter Value="*.(pas|pp|inc|lfm|lpr|lrs|lpi|lpk|sh|xml)"/>
      <ExcludeFileFilter Value="*.(bak|ppu|ppw|o|so);*~;backup"/>
    </PublishOptions>
    <RunParams>
      <local>
        <FormatVersion Value="1"/>
        <LaunchingApplication PathPlusParams="/usr/X11R6/bin/xterm -T 'Lazarus Run Output' -e $(LazarusDir)/tools/runwait.sh $(TargetCmdLine)"/>
      </local>
    </RunParams>
    <RequiredPackages Count="5">
      <Item1>
        <PackageName Value="indylaz"/>
        <MinVersion Major="10" Minor="2" Build="3" Valid="True"/>
      </Item1>
      <Item2>
        <PackageName Value="lnetbase"/>
        <MinVersion Minor="6" Release="3" Valid="True"/>
      </Item2>
      <Item3>
        <PackageName Value="RunTimeTypeInfoControls"/>
        <MinVersion Minor="1" Valid="True"/>
      </Item3>
      <Item4>
        <PackageName Value="SynEdit"/>
        <MinVersion Major="1" Valid="True"/>
      </Item4>
      <Item5>
        <PackageName Value="LCL"/>
      </Item5>
    </RequiredPackages>
    <Units Count="20">
      <Unit0>
        <Filename Value="dianetdialer.lpr"/>
        <IsPartOfProject Value="True"/>
        <UnitName Value="dianetdialer"/>
        <EditorIndex Value="2"/>
        <WindowIndex Value="0"/>
        <TopLine Value="1"/>
        <CursorPos X="36" Y="15"/>
        <UsageCount Value="205"/>
        <Loaded Value="True"/>
      </Unit0>
      <Unit1>
        <Filename Value="MainUnit.pas"/>
        <IsPartOfProject Value="True"/>
        <ComponentName Value="ConfigForm"/>
        <ResourceBaseClass Value="Form"/>
        <UnitName Value="MainUnit"/>
        <EditorIndex Value="0"/>
        <WindowIndex Value="0"/>
        <TopLine Value="1608"/>
        <CursorPos X="1" Y="1618"/>
        <UsageCount Value="205"/>
        <Loaded Value="True"/>
        <LoadedDesigner Value="True"/>
      </Unit1>
      <Unit2>
        <Filename Value="C:\lazarus\lcl\include\control.inc"/>
        <WindowIndex Value="0"/>
        <TopLine Value="3175"/>
        <CursorPos X="1" Y="3189"/>
        <UsageCount Value="513"/>
      </Unit2>
      <Unit3>
        <Filename Value="defs.pas"/>
        <IsPartOfProject Value="True"/>
        <UnitName Value="Utils"/>
        <TopLine Value="1"/>
        <CursorPos X="11" Y="1"/>
        <UsageCount Value="1180"/>
      </Unit3>
      <Unit4>
        <Filename Value="Utils.pas"/>
        <UnitName Value="Utils"/>
        <IsVisibleTab Value="True"/>
        <EditorIndex Value="4"/>
        <WindowIndex Value="0"/>
        <TopLine Value="331"/>
        <CursorPos X="19" Y="11"/>
        <UsageCount Value="579"/>
        <Loaded Value="True"/>
      </Unit4>
      <Unit5>
        <Filename Value="news.pas"/>
        <IsPartOfProject Value="True"/>
        <ComponentName Value="NewsForm"/>
        <ResourceBaseClass Value="Form"/>
        <UnitName Value="news"/>
        <EditorIndex Value="1"/>
        <WindowIndex Value="0"/>
        <TopLine Value="160"/>
        <CursorPos X="36" Y="203"/>
        <UsageCount Value="1112"/>
        <Loaded Value="True"/>
        <LoadedDesigner Value="True"/>
      </Unit5>
      <Unit6>
        <Filename Value="balance.pas"/>
        <UnitName Value="balance"/>
        <WindowIndex Value="0"/>
        <TopLine Value="2"/>
        <CursorPos X="20" Y="9"/>
        <UsageCount Value="519"/>
      </Unit6>
      <Unit7>
        <Filename Value="C:\lazarus\lcl\interfaces\win32\win32wscontrols.pp"/>
        <UnitName Value="Win32WSControls"/>
        <WindowIndex Value="0"/>
        <TopLine Value="205"/>
        <CursorPos X="24" Y="261"/>
        <UsageCount Value="514"/>
      </Unit7>
      <Unit8>
        <Filename Value="C:\lazarus\components\indy\lib\i386-win32\IdStack.pas"/>
        <UnitName Value="IdStack"/>
        <WindowIndex Value="0"/>
        <TopLine Value="630"/>
        <CursorPos X="1" Y="644"/>
        <UsageCount Value="513"/>
      </Unit8>
      <Unit9>
        <Filename Value="IdHTTP.pas"/>
        <UnitName Value="IdHTTP"/>
        <WindowIndex Value="0"/>
        <TopLine Value="1075"/>
        <CursorPos X="20" Y="1106"/>
        <UsageCount Value="10"/>
      </Unit9>
      <Unit10>
        <Filename Value="C:\lazarus\lcl\include\interfacebase.inc"/>
        <WindowIndex Value="0"/>
        <TopLine Value="35"/>
        <CursorPos X="26" Y="46"/>
        <UsageCount Value="9"/>
      </Unit10>
      <Unit11>
        <Filename Value="C:\lazarus\components\indy\lib\i386-win32\IdSSLOpenSSL.pas"/>
        <UnitName Value="IdSSLOpenSSL"/>
        <WindowIndex Value="0"/>
        <TopLine Value="1438"/>
        <CursorPos X="1" Y="1452"/>
        <UsageCount Value="4"/>
      </Unit11>
      <Unit12>
        <Filename Value="C:\lazarus\lcl\include\menuitem.inc"/>
        <WindowIndex Value="0"/>
        <TopLine Value="1081"/>
        <CursorPos X="26" Y="1093"/>
        <UsageCount Value="8"/>
      </Unit12>
      <Unit13>
        <Filename Value="MainUnit.lfm"/>
        <WindowIndex Value="0"/>
        <TopLine Value="1"/>
        <CursorPos X="1" Y="1"/>
        <UsageCount Value="4"/>
        <DefaultSyntaxHighlighter Value="LFM"/>
      </Unit13>
      <Unit14>
        <Filename Value="RASUnit.pas"/>
        <UnitName Value="RASUnit"/>
        <EditorIndex Value="3"/>
        <WindowIndex Value="0"/>
        <TopLine Value="124"/>
        <CursorPos X="23" Y="7"/>
        <UsageCount Value="23"/>
        <Loaded Value="True"/>
      </Unit14>
      <Unit15>
        <Filename Value="C:\lazarus\lcl\include\custombitmap.inc"/>
        <WindowIndex Value="0"/>
        <TopLine Value="180"/>
        <CursorPos X="24" Y="173"/>
        <UsageCount Value="9"/>
      </Unit15>
      <Unit16>
        <Filename Value="C:\lazarus\lcl\include\fpimagebitmap.inc"/>
        <WindowIndex Value="0"/>
        <TopLine Value="90"/>
        <CursorPos X="7" Y="146"/>
        <UsageCount Value="9"/>
      </Unit16>
      <Unit17>
        <Filename Value="C:\lazarus\lcl\include\rasterimage.inc"/>
        <WindowIndex Value="0"/>
        <TopLine Value="429"/>
        <CursorPos X="23" Y="456"/>
        <UsageCount Value="9"/>
      </Unit17>
      <Unit18>
        <Filename Value="C:\lazarus\lcl\include\application.inc"/>
        <WindowIndex Value="0"/>
        <TopLine Value="2185"/>
        <CursorPos X="1" Y="2199"/>
        <UsageCount Value="9"/>
      </Unit18>
      <Unit19>
        <Filename Value="C:\lazarus\lcl\include\picture.inc"/>
        <WindowIndex Value="0"/>
        <TopLine Value="682"/>
        <CursorPos X="34" Y="705"/>
        <UsageCount Value="10"/>
      </Unit19>
    </Units>
    <JumpHistory Count="29" HistoryIndex="28">
      <Position1>
        <Filename Value="MainUnit.pas"/>
        <Caret Line="285" Column="16" TopLine="265"/>
      </Position1>
      <Position2>
        <Filename Value="MainUnit.pas"/>
        <Caret Line="204" Column="16" TopLine="190"/>
      </Position2>
      <Position3>
        <Filename Value="MainUnit.pas"/>
        <Caret Line="285" Column="19" TopLine="271"/>
      </Position3>
      <Position4>
        <Filename Value="MainUnit.pas"/>
        <Caret Line="286" Column="19" TopLine="271"/>
      </Position4>
      <Position5>
        <Filename Value="MainUnit.pas"/>
        <Caret Line="287" Column="19" TopLine="271"/>
      </Position5>
      <Position6>
        <Filename Value="MainUnit.pas"/>
        <Caret Line="288" Column="19" TopLine="271"/>
      </Position6>
      <Position7>
        <Filename Value="MainUnit.pas"/>
        <Caret Line="289" Column="19" TopLine="271"/>
      </Position7>
      <Position8>
        <Filename Value="MainUnit.pas"/>
        <Caret Line="323" Column="14" TopLine="300"/>
      </Position8>
      <Position9>
        <Filename Value="MainUnit.pas"/>
        <Caret Line="355" Column="10" TopLine="335"/>
      </Position9>
      <Position10>
        <Filename Value="MainUnit.pas"/>
        <Caret Line="644" Column="75" TopLine="634"/>
      </Position10>
      <Position11>
        <Filename Value="Utils.pas"/>
        <Caret Line="16" Column="32" TopLine="7"/>
      </Position11>
      <Position12>
        <Filename Value="Utils.pas"/>
        <Caret Line="44" Column="15" TopLine="21"/>
      </Position12>
      <Position13>
        <Filename Value="MainUnit.pas"/>
        <Caret Line="1463" Column="28" TopLine="1454"/>
      </Position13>
      <Position14>
        <Filename Value="MainUnit.pas"/>
        <Caret Line="171" Column="23" TopLine="157"/>
      </Position14>
      <Position15>
        <Filename Value="MainUnit.pas"/>
        <Caret Line="566" Column="15" TopLine="543"/>
      </Position15>
      <Position16>
        <Filename Value="MainUnit.pas"/>
        <Caret Line="3" Column="55" TopLine="1"/>
      </Position16>
      <Position17>
        <Filename Value="MainUnit.pas"/>
        <Caret Line="6" Column="35" TopLine="1"/>
      </Position17>
      <Position18>
        <Filename Value="MainUnit.pas"/>
        <Caret Line="289" Column="25" TopLine="275"/>
      </Position18>
      <Position19>
        <Filename Value="MainUnit.pas"/>
        <Caret Line="1510" Column="8" TopLine="1499"/>
      </Position19>
      <Position20>
        <Filename Value="Utils.pas"/>
        <Caret Line="885" Column="27" TopLine="877"/>
      </Position20>
      <Position21>
        <Filename Value="MainUnit.pas"/>
        <Caret Line="170" Column="49" TopLine="160"/>
      </Position21>
      <Position22>
        <Filename Value="MainUnit.pas"/>
        <Caret Line="288" Column="12" TopLine="265"/>
      </Position22>
      <Position23>
        <Filename Value="MainUnit.pas"/>
        <Caret Line="5" Column="62" TopLine="1"/>
      </Position23>
      <Position24>
        <Filename Value="MainUnit.pas"/>
        <Caret Line="565" Column="21" TopLine="542"/>
      </Position24>
      <Position25>
        <Filename Value="Utils.pas"/>
        <Caret Line="903" Column="23" TopLine="896"/>
      </Position25>
      <Position26>
        <Filename Value="Utils.pas"/>
        <Caret Line="901" Column="15" TopLine="870"/>
      </Position26>
      <Position27>
        <Filename Value="Utils.pas"/>
        <Caret Line="906" Column="48" TopLine="896"/>
      </Position27>
      <Position28>
        <Filename Value="Utils.pas"/>
        <Caret Line="43" Column="14" TopLine="29"/>
      </Position28>
      <Position29>
        <Filename Value="Utils.pas"/>
        <Caret Line="117" Column="8" TopLine="106"/>
      </Position29>
    </JumpHistory>
  </ProjectOptions>
  <CompilerOptions>
    <Version Value="9"/>
    <PathDelim Value="\"/>
    <Target>
      <Filename Value="dianetdialer.exe"/>
    </Target>
    <SearchPaths>
      <IncludeFiles Value="$(ProjOutDir)"/>
      <UnitOutputDirectory Value="lib\$(TargetCPU)-$(TargetOS)"/>
    </SearchPaths>
    <Parsing>
      <SyntaxOptions>
        <UseAnsiStrings Value="False"/>
      </SyntaxOptions>
    </Parsing>
    <CodeGeneration>
      <SmartLinkUnit Value="True"/>
      <HeapSize Value="16777216"/>
      <Optimizations>
        <VariablesInRegisters Value="True"/>
      </Optimizations>
    </CodeGeneration>
    <Linking>
      <Debugging>
        <GenerateDebugInfo Value="True"/>
        <UseExternalDbgSyms Value="True"/>
      </Debugging>
      <LinkSmart Value="True"/>
      <Options>
        <Win32>
          <GraphicApplication Value="True"/>
        </Win32>
      </Options>
    </Linking>
    <Other>
      <Verbosity>
        <ShowHintsForUnusedUnitsInMainSrc Value="True"/>
      </Verbosity>
      <CompilerMessages>
        <UseMsgFile Value="True"/>
      </CompilerMessages>
      <CompilerPath Value="$(CompPath)"/>
    </Other>
  </CompilerOptions>
  <Debugging>
    <Watches Count="1"/>
    <Exceptions Count="4">
      <Item1>
        <Name Value="EAbort"/>
      </Item1>
      <Item2>
        <Name Value="ECodetoolError"/>
      </Item2>
      <Item3>
        <Name Value="EFOpenError"/>
      </Item3>
      <Item4>
        <Name Value="EIdConnClosedGracefully"/>
      </Item4>
    </Exceptions>
  </Debugging>
</CONFIG>
