<?xml version="1.0"?>
<CONFIG>
  <ProjectOptions>
    <Version Value="9"/>
    <PathDelim Value="\"/>
    <General>
      <MainUnit Value="0"/>
      <Title Value="Dianet Dialer"/>
      <UseXPManifest Value="True"/>
      <Icon Value="0"/>
      <ActiveWindowIndexAtStart Value="0"/>
    </General>
    <VersionInfo>
      <UseVersionInfo Value="True"/>
      <MajorVersionNr Value="1"/>
      <MinorVersionNr Value="3"/>
      <RevisionNr Value="2"/>
      <BuildNr Value="3"/>
      <Language Value="0419"/>
      <CharSet Value="04B0"/>
      <StringTable Comments="Autor Derwin" CompanyName="Дианэт" FileDescription="Dianet Dialer" InternalName="dianetdialer" LegalCopyright="©«Дианэт»" OriginalFilename="dianetdialer" ProductName="Dianet Dialer" ProductVersion="1.3.2.0"/>
    </VersionInfo>
    <BuildModes Count="1">
      <Item1 Name="default" Default="True"/>
    </BuildModes>
    <PublishOptions>
      <Version Value="2"/>
      <IgnoreBinaries Value="False"/>
      <IncludeFileFilter Value="*.(pas|pp|inc|lfm|lpr|lrs|lpi|lpk|sh|xml)"/>
      <ExcludeFileFilter Value="*.(bak|ppu|ppw|o|so);*~;backup"/>
    </PublishOptions>
    <RunParams>
      <local>
        <FormatVersion Value="1"/>
        <LaunchingApplication PathPlusParams="/usr/X11R6/bin/xterm -T 'Lazarus Run Output' -e $(LazarusDir)/tools/runwait.sh $(TargetCmdLine)"/>
      </local>
    </RunParams>
    <RequiredPackages Count="5">
      <Item1>
        <PackageName Value="indylaz"/>
        <MinVersion Major="10" Minor="2" Build="3" Valid="True"/>
      </Item1>
      <Item2>
        <PackageName Value="lnetbase"/>
        <MinVersion Minor="6" Release="3" Valid="True"/>
      </Item2>
      <Item3>
        <PackageName Value="RunTimeTypeInfoControls"/>
        <MinVersion Minor="1" Valid="True"/>
      </Item3>
      <Item4>
        <PackageName Value="SynEdit"/>
        <MinVersion Major="1" Valid="True"/>
      </Item4>
      <Item5>
        <PackageName Value="LCL"/>
      </Item5>
    </RequiredPackages>
    <Units Count="17">
      <Unit0>
        <Filename Value="dianetdialer.lpr"/>
        <IsPartOfProject Value="True"/>
        <UnitName Value="dianetdialer"/>
        <EditorIndex Value="6"/>
        <WindowIndex Value="0"/>
        <TopLine Value="1"/>
        <CursorPos X="5" Y="1"/>
        <UsageCount Value="205"/>
        <Loaded Value="True"/>
      </Unit0>
      <Unit1>
        <Filename Value="MainUnit.pas"/>
        <IsPartOfProject Value="True"/>
        <ComponentName Value="ConfigForm"/>
        <ResourceBaseClass Value="Form"/>
        <UnitName Value="MainUnit"/>
        <EditorIndex Value="0"/>
        <WindowIndex Value="0"/>
        <TopLine Value="1"/>
        <CursorPos X="53" Y="6"/>
        <UsageCount Value="205"/>
        <Loaded Value="True"/>
        <LoadedDesigner Value="True"/>
      </Unit1>
      <Unit2>
        <Filename Value="C:\lazarus\lcl\include\control.inc"/>
        <WindowIndex Value="0"/>
        <TopLine Value="2779"/>
        <CursorPos X="48" Y="2791"/>
        <UsageCount Value="502"/>
      </Unit2>
      <Unit3>
        <Filename Value="defs.pas"/>
        <IsPartOfProject Value="True"/>
        <UnitName Value="Utils"/>
        <TopLine Value="1"/>
        <CursorPos X="11" Y="1"/>
        <UsageCount Value="1180"/>
      </Unit3>
      <Unit4>
        <Filename Value="Utils.pas"/>
        <UnitName Value="Utils"/>
        <EditorIndex Value="1"/>
        <WindowIndex Value="0"/>
        <TopLine Value="1"/>
        <CursorPos X="12" Y="15"/>
        <UsageCount Value="579"/>
        <Loaded Value="True"/>
      </Unit4>
      <Unit5>
        <Filename Value="news.pas"/>
        <IsPartOfProject Value="True"/>
        <ComponentName Value="NewsForm"/>
        <ResourceBaseClass Value="Form"/>
        <UnitName Value="news"/>
        <EditorIndex Value="5"/>
        <WindowIndex Value="0"/>
        <TopLine Value="1"/>
        <CursorPos X="25" Y="132"/>
        <UsageCount Value="1112"/>
        <Loaded Value="True"/>
        <LoadedDesigner Value="True"/>
      </Unit5>
      <Unit6>
        <Filename Value="balance.pas"/>
        <UnitName Value="balance"/>
        <EditorIndex Value="2"/>
        <WindowIndex Value="0"/>
        <TopLine Value="1"/>
        <CursorPos X="23" Y="81"/>
        <UsageCount Value="508"/>
        <Loaded Value="True"/>
      </Unit6>
      <Unit7>
        <Filename Value="C:\lazarus\lcl\interfaces\win32\win32wscontrols.pp"/>
        <UnitName Value="Win32WSControls"/>
        <WindowIndex Value="0"/>
        <TopLine Value="205"/>
        <CursorPos X="24" Y="261"/>
        <UsageCount Value="503"/>
      </Unit7>
      <Unit8>
        <Filename Value="C:\lazarus\components\indy\lib\i386-win32\IdStack.pas"/>
        <UnitName Value="IdStack"/>
        <WindowIndex Value="0"/>
        <TopLine Value="630"/>
        <CursorPos X="1" Y="644"/>
        <UsageCount Value="502"/>
      </Unit8>
      <Unit9>
        <Filename Value="IdHTTP.pas"/>
        <UnitName Value="IdHTTP"/>
        <WindowIndex Value="0"/>
        <TopLine Value="1075"/>
        <CursorPos X="20" Y="1106"/>
        <UsageCount Value="9"/>
      </Unit9>
      <Unit10>
        <Filename Value="C:\lazarus\components\indy\lib\i386-win32\IdSSLOpenSSL.pas"/>
        <UnitName Value="IdSSLOpenSSL"/>
        <WindowIndex Value="0"/>
        <TopLine Value="1438"/>
        <CursorPos X="1" Y="1452"/>
        <UsageCount Value="3"/>
      </Unit10>
      <Unit11>
        <Filename Value="MainUnit.lfm"/>
        <WindowIndex Value="0"/>
        <TopLine Value="1"/>
        <CursorPos X="1" Y="1"/>
        <UsageCount Value="3"/>
        <DefaultSyntaxHighlighter Value="LFM"/>
      </Unit11>
      <Unit12>
        <Filename Value="RASUnit.pas"/>
        <UnitName Value="RASUnit"/>
        <EditorIndex Value="7"/>
        <WindowIndex Value="0"/>
        <TopLine Value="77"/>
        <CursorPos X="63" Y="87"/>
        <UsageCount Value="85"/>
        <Loaded Value="True"/>
      </Unit12>
      <Unit13>
        <Filename Value="C:\lazarus\lcl\include\picture.inc"/>
        <WindowIndex Value="0"/>
        <TopLine Value="682"/>
        <CursorPos X="34" Y="705"/>
        <UsageCount Value="9"/>
      </Unit13>
      <Unit14>
        <Filename Value="ipconfig.pas"/>
        <IsPartOfProject Value="True"/>
        <ComponentName Value="Form1"/>
        <ResourceBaseClass Value="Form"/>
        <UnitName Value="ipconfig"/>
        <IsVisibleTab Value="True"/>
        <EditorIndex Value="3"/>
        <WindowIndex Value="0"/>
        <TopLine Value="75"/>
        <CursorPos X="32" Y="135"/>
        <UsageCount Value="98"/>
        <Loaded Value="True"/>
        <LoadedDesigner Value="True"/>
      </Unit14>
      <Unit15>
        <Filename Value="iphlp.pas"/>
        <UnitName Value="iphlp"/>
        <EditorIndex Value="4"/>
        <WindowIndex Value="0"/>
        <TopLine Value="1"/>
        <CursorPos X="16" Y="4"/>
        <UsageCount Value="49"/>
        <Loaded Value="True"/>
      </Unit15>
      <Unit16>
        <Filename Value="C:\lazarus\lcl\include\menuitem.inc"/>
        <WindowIndex Value="0"/>
        <TopLine Value="1077"/>
        <CursorPos X="1" Y="1091"/>
        <UsageCount Value="12"/>
      </Unit16>
    </Units>
    <JumpHistory Count="30" HistoryIndex="29">
      <Position1>
        <Filename Value="balance.pas"/>
        <Caret Line="12" Column="11" TopLine="1"/>
      </Position1>
      <Position2>
        <Filename Value="balance.pas"/>
        <Caret Line="16" Column="25" TopLine="1"/>
      </Position2>
      <Position3>
        <Filename Value="balance.pas"/>
        <Caret Line="23" Column="26" TopLine="1"/>
      </Position3>
      <Position4>
        <Filename Value="balance.pas"/>
        <Caret Line="24" Column="10" TopLine="1"/>
      </Position4>
      <Position5>
        <Filename Value="balance.pas"/>
        <Caret Line="25" Column="10" TopLine="2"/>
      </Position5>
      <Position6>
        <Filename Value="balance.pas"/>
        <Caret Line="26" Column="10" TopLine="3"/>
      </Position6>
      <Position7>
        <Filename Value="balance.pas"/>
        <Caret Line="27" Column="10" TopLine="4"/>
      </Position7>
      <Position8>
        <Filename Value="balance.pas"/>
        <Caret Line="32" Column="19" TopLine="9"/>
      </Position8>
      <Position9>
        <Filename Value="balance.pas"/>
        <Caret Line="34" Column="14" TopLine="11"/>
      </Position9>
      <Position10>
        <Filename Value="balance.pas"/>
        <Caret Line="38" Column="36" TopLine="15"/>
      </Position10>
      <Position11>
        <Filename Value="balance.pas"/>
        <Caret Line="44" Column="10" TopLine="21"/>
      </Position11>
      <Position12>
        <Filename Value="balance.pas"/>
        <Caret Line="77" Column="18" TopLine="54"/>
      </Position12>
      <Position13>
        <Filename Value="balance.pas"/>
        <Caret Line="78" Column="18" TopLine="55"/>
      </Position13>
      <Position14>
        <Filename Value="balance.pas"/>
        <Caret Line="79" Column="18" TopLine="56"/>
      </Position14>
      <Position15>
        <Filename Value="balance.pas"/>
        <Caret Line="84" Column="25" TopLine="61"/>
      </Position15>
      <Position16>
        <Filename Value="balance.pas"/>
        <Caret Line="95" Column="25" TopLine="72"/>
      </Position16>
      <Position17>
        <Filename Value="balance.pas"/>
        <Caret Line="96" Column="25" TopLine="73"/>
      </Position17>
      <Position18>
        <Filename Value="balance.pas"/>
        <Caret Line="97" Column="25" TopLine="74"/>
      </Position18>
      <Position19>
        <Filename Value="MainUnit.pas"/>
        <Caret Line="7" Column="28" TopLine="1"/>
      </Position19>
      <Position20>
        <Filename Value="MainUnit.pas"/>
        <Caret Line="644" Column="15" TopLine="621"/>
      </Position20>
      <Position21>
        <Filename Value="balance.pas"/>
        <Caret Line="4" Column="27" TopLine="1"/>
      </Position21>
      <Position22>
        <Filename Value="balance.pas"/>
        <Caret Line="25" Column="12" TopLine="2"/>
      </Position22>
      <Position23>
        <Filename Value="balance.pas"/>
        <Caret Line="44" Column="12" TopLine="27"/>
      </Position23>
      <Position24>
        <Filename Value="balance.pas"/>
        <Caret Line="79" Column="20" TopLine="56"/>
      </Position24>
      <Position25>
        <Filename Value="MainUnit.pas"/>
        <Caret Line="1504" Column="35" TopLine="1487"/>
      </Position25>
      <Position26>
        <Filename Value="news.pas"/>
        <Caret Line="5" Column="52" TopLine="1"/>
      </Position26>
      <Position27>
        <Filename Value="MainUnit.pas"/>
        <Caret Line="8" Column="20" TopLine="1"/>
      </Position27>
      <Position28>
        <Filename Value="MainUnit.pas"/>
        <Caret Line="1" Column="56" TopLine="1"/>
      </Position28>
      <Position29>
        <Filename Value="Utils.pas"/>
        <Caret Line="2" Column="65" TopLine="1"/>
      </Position29>
      <Position30>
        <Filename Value="Utils.pas"/>
        <Caret Line="41" Column="26" TopLine="18"/>
      </Position30>
    </JumpHistory>
  </ProjectOptions>
  <CompilerOptions>
    <Version Value="9"/>
    <PathDelim Value="\"/>
    <Target>
      <Filename Value="dianetdialer.exe"/>
    </Target>
    <SearchPaths>
      <IncludeFiles Value="$(ProjOutDir)"/>
      <UnitOutputDirectory Value="lib\$(TargetCPU)-$(TargetOS)"/>
    </SearchPaths>
    <Parsing>
      <SyntaxOptions>
        <UseAnsiStrings Value="False"/>
      </SyntaxOptions>
    </Parsing>
    <CodeGeneration>
      <SmartLinkUnit Value="True"/>
      <HeapSize Value="16777216"/>
      <Optimizations>
        <VariablesInRegisters Value="True"/>
      </Optimizations>
    </CodeGeneration>
    <Linking>
      <Debugging>
        <GenerateDebugInfo Value="True"/>
        <UseExternalDbgSyms Value="True"/>
      </Debugging>
      <LinkSmart Value="True"/>
      <Options>
        <Win32>
          <GraphicApplication Value="True"/>
        </Win32>
      </Options>
    </Linking>
    <Other>
      <Verbosity>
        <ShowHintsForUnusedUnitsInMainSrc Value="True"/>
      </Verbosity>
      <CompilerMessages>
        <UseMsgFile Value="True"/>
      </CompilerMessages>
      <CompilerPath Value="$(CompPath)"/>
    </Other>
  </CompilerOptions>
  <Debugging>
    <Watches Count="1"/>
    <Exceptions Count="4">
      <Item1>
        <Name Value="EAbort"/>
      </Item1>
      <Item2>
        <Name Value="ECodetoolError"/>
      </Item2>
      <Item3>
        <Name Value="EFOpenError"/>
      </Item3>
      <Item4>
        <Name Value="EIdConnClosedGracefully"/>
      </Item4>
    </Exceptions>
  </Debugging>
</CONFIG>
