<?xml version="1.0"?>
<CONFIG>
  <ProjectOptions>
    <Version Value="9"/>
    <PathDelim Value="\"/>
    <General>
      <MainUnit Value="0"/>
      <Title Value="Dianet Dialer"/>
      <UseXPManifest Value="True"/>
      <Icon Value="0"/>
      <ActiveWindowIndexAtStart Value="0"/>
    </General>
    <VersionInfo>
      <UseVersionInfo Value="True"/>
      <AutoIncrementBuild Value="True"/>
      <MajorVersionNr Value="1"/>
      <MinorVersionNr Value="3"/>
      <RevisionNr Value="2"/>
      <BuildNr Value="10"/>
      <Language Value="0419"/>
      <CharSet Value="04B0"/>
      <StringTable Comments="Autor Derwin" CompanyName="Дианэт" FileDescription="Dianet Dialer" InternalName="dianetdialer" LegalCopyright="©«Дианэт»" OriginalFilename="dianetdialer" ProductName="Dianet Dialer" ProductVersion="1.3.2.0"/>
    </VersionInfo>
    <BuildModes Count="1">
      <Item1 Name="default" Default="True"/>
    </BuildModes>
    <PublishOptions>
      <Version Value="2"/>
      <IgnoreBinaries Value="False"/>
      <IncludeFileFilter Value="*.(pas|pp|inc|lfm|lpr|lrs|lpi|lpk|sh|xml)"/>
      <ExcludeFileFilter Value="*.(bak|ppu|ppw|o|so);*~;backup"/>
    </PublishOptions>
    <RunParams>
      <local>
        <FormatVersion Value="1"/>
        <LaunchingApplication PathPlusParams="/usr/X11R6/bin/xterm -T 'Lazarus Run Output' -e $(LazarusDir)/tools/runwait.sh $(TargetCmdLine)"/>
      </local>
    </RunParams>
    <RequiredPackages Count="5">
      <Item1>
        <PackageName Value="indylaz"/>
        <MinVersion Major="10" Minor="2" Build="3" Valid="True"/>
      </Item1>
      <Item2>
        <PackageName Value="lnetbase"/>
        <MinVersion Minor="6" Release="3" Valid="True"/>
      </Item2>
      <Item3>
        <PackageName Value="RunTimeTypeInfoControls"/>
        <MinVersion Minor="1" Valid="True"/>
      </Item3>
      <Item4>
        <PackageName Value="SynEdit"/>
        <MinVersion Major="1" Valid="True"/>
      </Item4>
      <Item5>
        <PackageName Value="LCL"/>
      </Item5>
    </RequiredPackages>
    <Units Count="20">
      <Unit0>
        <Filename Value="dianetdialer.lpr"/>
        <IsPartOfProject Value="True"/>
        <UnitName Value="dianetdialer"/>
        <WindowIndex Value="0"/>
        <TopLine Value="1"/>
        <CursorPos X="42" Y="4"/>
        <UsageCount Value="205"/>
      </Unit0>
      <Unit1>
        <Filename Value="MainUnit.pas"/>
        <IsPartOfProject Value="True"/>
        <ComponentName Value="ConfigForm"/>
        <HasResources Value="True"/>
        <ResourceBaseClass Value="Form"/>
        <UnitName Value="MainUnit"/>
        <EditorIndex Value="0"/>
        <WindowIndex Value="0"/>
        <TopLine Value="1"/>
        <CursorPos X="28" Y="10"/>
        <UsageCount Value="205"/>
        <Loaded Value="True"/>
        <LoadedDesigner Value="True"/>
      </Unit1>
      <Unit2>
        <Filename Value="C:\lazarus\lcl\include\control.inc"/>
        <WindowIndex Value="0"/>
        <TopLine Value="2779"/>
        <CursorPos X="48" Y="2791"/>
        <UsageCount Value="493"/>
      </Unit2>
      <Unit3>
        <Filename Value="defs.pas"/>
        <IsPartOfProject Value="True"/>
        <UnitName Value="Utils"/>
        <TopLine Value="1"/>
        <CursorPos X="11" Y="1"/>
        <UsageCount Value="1180"/>
      </Unit3>
      <Unit4>
        <Filename Value="Utils.pas"/>
        <UnitName Value="Utils"/>
        <IsVisibleTab Value="True"/>
        <EditorIndex Value="3"/>
        <WindowIndex Value="0"/>
        <TopLine Value="7"/>
        <CursorPos X="22" Y="29"/>
        <UsageCount Value="579"/>
        <Loaded Value="True"/>
      </Unit4>
      <Unit5>
        <Filename Value="news.pas"/>
        <IsPartOfProject Value="True"/>
        <ComponentName Value="NewsForm"/>
        <HasResources Value="True"/>
        <ResourceBaseClass Value="Form"/>
        <UnitName Value="news"/>
        <WindowIndex Value="0"/>
        <TopLine Value="102"/>
        <CursorPos X="21" Y="249"/>
        <UsageCount Value="1112"/>
      </Unit5>
      <Unit6>
        <Filename Value="balance.pas"/>
        <UnitName Value="balance"/>
        <EditorIndex Value="1"/>
        <WindowIndex Value="0"/>
        <TopLine Value="75"/>
        <CursorPos X="21" Y="80"/>
        <UsageCount Value="508"/>
        <Loaded Value="True"/>
      </Unit6>
      <Unit7>
        <Filename Value="C:\lazarus\lcl\interfaces\win32\win32wscontrols.pp"/>
        <UnitName Value="Win32WSControls"/>
        <WindowIndex Value="0"/>
        <TopLine Value="205"/>
        <CursorPos X="24" Y="261"/>
        <UsageCount Value="494"/>
      </Unit7>
      <Unit8>
        <Filename Value="C:\lazarus\components\indy\lib\i386-win32\IdStack.pas"/>
        <UnitName Value="IdStack"/>
        <WindowIndex Value="0"/>
        <TopLine Value="630"/>
        <CursorPos X="1" Y="644"/>
        <UsageCount Value="493"/>
      </Unit8>
      <Unit9>
        <Filename Value="RASUnit.pas"/>
        <UnitName Value="RASUnit"/>
        <WindowIndex Value="0"/>
        <TopLine Value="1"/>
        <CursorPos X="15" Y="41"/>
        <UsageCount Value="115"/>
      </Unit9>
      <Unit10>
        <Filename Value="ipconfig.pas"/>
        <IsPartOfProject Value="True"/>
        <ComponentName Value="Form1"/>
        <HasResources Value="True"/>
        <ResourceBaseClass Value="Form"/>
        <UnitName Value="ipconfig"/>
        <EditorIndex Value="4"/>
        <WindowIndex Value="0"/>
        <TopLine Value="1"/>
        <CursorPos X="35" Y="8"/>
        <UsageCount Value="200"/>
        <Loaded Value="True"/>
      </Unit10>
      <Unit11>
        <Filename Value="iphlp.pas"/>
        <UnitName Value="iphlp"/>
        <WindowIndex Value="0"/>
        <TopLine Value="1"/>
        <CursorPos X="35" Y="5"/>
        <UsageCount Value="99"/>
      </Unit11>
      <Unit12>
        <Filename Value="C:\lazarus\lcl\include\menuitem.inc"/>
        <EditorIndex Value="2"/>
        <WindowIndex Value="0"/>
        <TopLine Value="1071"/>
        <CursorPos X="1" Y="1087"/>
        <UsageCount Value="11"/>
        <Loaded Value="True"/>
      </Unit12>
      <Unit13>
        <Filename Value="C:\lazarus\components\indy\lib\i386-win32\IdDNSResolver.pas"/>
        <UnitName Value="IdDNSResolver"/>
        <WindowIndex Value="0"/>
        <TopLine Value="1303"/>
        <CursorPos X="1" Y="1317"/>
        <UsageCount Value="9"/>
      </Unit13>
      <Unit14>
        <Filename Value="C:\lazarus\lcl\lclproc.pas"/>
        <UnitName Value="LCLProc"/>
        <WindowIndex Value="0"/>
        <TopLine Value="1"/>
        <CursorPos X="94" Y="3"/>
        <UsageCount Value="26"/>
      </Unit14>
      <Unit15>
        <Filename Value="C:\lazarus\fpc\2.6.0\source\packages\indy\IdStack.pas"/>
        <UnitName Value="IdStack"/>
        <WindowIndex Value="0"/>
        <TopLine Value="606"/>
        <CursorPos X="1" Y="644"/>
        <UsageCount Value="15"/>
      </Unit15>
      <Unit16>
        <Filename Value="C:\lazarus\components\indy\Lib\Protocols\IdHTTP.pas"/>
        <UnitName Value="IdHTTP"/>
        <WindowIndex Value="0"/>
        <TopLine Value="1192"/>
        <CursorPos X="1" Y="1206"/>
        <UsageCount Value="11"/>
      </Unit16>
      <Unit17>
        <Filename Value="IdHTTP.pas"/>
        <UnitName Value="IdHTTP"/>
        <WindowIndex Value="0"/>
        <TopLine Value="825"/>
        <CursorPos X="25" Y="878"/>
        <UsageCount Value="10"/>
      </Unit17>
      <Unit18>
        <Filename Value="C:\lazarus\components\indy\Lib\Protocols\IdSSLOpenSSL.pas"/>
        <UnitName Value="IdSSLOpenSSL"/>
        <WindowIndex Value="0"/>
        <TopLine Value="1"/>
        <CursorPos X="17" Y="2676"/>
        <UsageCount Value="11"/>
      </Unit18>
      <Unit19>
        <Filename Value="C:\lazarus\components\indy\Lib\System\IdStack.pas"/>
        <UnitName Value="IdStack"/>
        <WindowIndex Value="0"/>
        <TopLine Value="753"/>
        <CursorPos X="1" Y="772"/>
        <UsageCount Value="11"/>
      </Unit19>
    </Units>
    <JumpHistory Count="30" HistoryIndex="29">
      <Position1>
        <Filename Value="balance.pas"/>
        <Caret Line="50" Column="64" TopLine="31"/>
      </Position1>
      <Position2>
        <Filename Value="balance.pas"/>
        <Caret Line="51" Column="54" TopLine="31"/>
      </Position2>
      <Position3>
        <Filename Value="balance.pas"/>
        <Caret Line="52" Column="38" TopLine="31"/>
      </Position3>
      <Position4>
        <Filename Value="balance.pas"/>
        <Caret Line="91" Column="22" TopLine="41"/>
      </Position4>
      <Position5>
        <Filename Value="balance.pas"/>
        <Caret Line="93" Column="8" TopLine="78"/>
      </Position5>
      <Position6>
        <Filename Value="balance.pas"/>
        <Caret Line="71" Column="48" TopLine="70"/>
      </Position6>
      <Position7>
        <Filename Value="balance.pas"/>
        <Caret Line="96" Column="18" TopLine="71"/>
      </Position7>
      <Position8>
        <Filename Value="balance.pas"/>
        <Caret Line="65" Column="22" TopLine="62"/>
      </Position8>
      <Position9>
        <Filename Value="balance.pas"/>
        <Caret Line="44" Column="10" TopLine="13"/>
      </Position9>
      <Position10>
        <Filename Value="balance.pas"/>
        <Caret Line="68" Column="16" TopLine="34"/>
      </Position10>
      <Position11>
        <Filename Value="balance.pas"/>
        <Caret Line="69" Column="25" TopLine="37"/>
      </Position11>
      <Position12>
        <Filename Value="balance.pas"/>
        <Caret Line="50" Column="6" TopLine="37"/>
      </Position12>
      <Position13>
        <Filename Value="balance.pas"/>
        <Caret Line="15" Column="73" TopLine="1"/>
      </Position13>
      <Position14>
        <Filename Value="balance.pas"/>
        <Caret Line="49" Column="36" TopLine="36"/>
      </Position14>
      <Position15>
        <Filename Value="balance.pas"/>
        <Caret Line="57" Column="48" TopLine="36"/>
      </Position15>
      <Position16>
        <Filename Value="balance.pas"/>
        <Caret Line="51" Column="6" TopLine="34"/>
      </Position16>
      <Position17>
        <Filename Value="balance.pas"/>
        <Caret Line="44" Column="10" TopLine="31"/>
      </Position17>
      <Position18>
        <Filename Value="balance.pas"/>
        <Caret Line="66" Column="14" TopLine="30"/>
      </Position18>
      <Position19>
        <Filename Value="balance.pas"/>
        <Caret Line="53" Column="44" TopLine="30"/>
      </Position19>
      <Position20>
        <Filename Value="balance.pas"/>
        <Caret Line="67" Column="17" TopLine="52"/>
      </Position20>
      <Position21>
        <Filename Value="balance.pas"/>
        <Caret Line="66" Column="1" TopLine="52"/>
      </Position21>
      <Position22>
        <Filename Value="balance.pas"/>
        <Caret Line="112" Column="42" TopLine="89"/>
      </Position22>
      <Position23>
        <Filename Value="balance.pas"/>
        <Caret Line="113" Column="26" TopLine="94"/>
      </Position23>
      <Position24>
        <Filename Value="balance.pas"/>
        <Caret Line="55" Column="49" TopLine="42"/>
      </Position24>
      <Position25>
        <Filename Value="balance.pas"/>
        <Caret Line="106" Column="27" TopLine="82"/>
      </Position25>
      <Position26>
        <Filename Value="balance.pas"/>
        <Caret Line="140" Column="5" TopLine="93"/>
      </Position26>
      <Position27>
        <Filename Value="balance.pas"/>
        <Caret Line="17" Column="14" TopLine="2"/>
      </Position27>
      <Position28>
        <Filename Value="balance.pas"/>
        <Caret Line="15" Column="1" TopLine="2"/>
      </Position28>
      <Position29>
        <Filename Value="balance.pas"/>
        <Caret Line="113" Column="18" TopLine="108"/>
      </Position29>
      <Position30>
        <Filename Value="balance.pas"/>
        <Caret Line="114" Column="31" TopLine="92"/>
      </Position30>
    </JumpHistory>
  </ProjectOptions>
  <CompilerOptions>
    <Version Value="9"/>
    <PathDelim Value="\"/>
    <Target>
      <Filename Value="dianetdialer.exe"/>
    </Target>
    <SearchPaths>
      <IncludeFiles Value="$(ProjOutDir)"/>
      <UnitOutputDirectory Value="lib\$(TargetCPU)-$(TargetOS)"/>
    </SearchPaths>
    <Parsing>
      <SyntaxOptions>
        <UseAnsiStrings Value="False"/>
      </SyntaxOptions>
    </Parsing>
    <CodeGeneration>
      <SmartLinkUnit Value="True"/>
      <HeapSize Value="16777216"/>
      <Optimizations>
        <VariablesInRegisters Value="True"/>
      </Optimizations>
    </CodeGeneration>
    <Linking>
      <Debugging>
        <UseExternalDbgSyms Value="True"/>
      </Debugging>
      <LinkSmart Value="True"/>
      <Options>
        <Win32>
          <GraphicApplication Value="True"/>
        </Win32>
      </Options>
    </Linking>
    <Other>
      <Verbosity>
        <ShowHintsForUnusedUnitsInMainSrc Value="True"/>
      </Verbosity>
      <CompilerMessages>
        <UseMsgFile Value="True"/>
      </CompilerMessages>
      <CompilerPath Value="$(CompPath)"/>
    </Other>
  </CompilerOptions>
  <Debugging>
    <Watches Count="1"/>
    <Exceptions Count="7">
      <Item1>
        <Name Value="EAbort"/>
      </Item1>
      <Item2>
        <Name Value="ECodetoolError"/>
      </Item2>
      <Item3>
        <Name Value="EFOpenError"/>
      </Item3>
      <Item4>
        <Name Value="EIdConnClosedGracefully"/>
      </Item4>
      <Item5>
        <Name Value="EListError"/>
      </Item5>
      <Item6>
        <Name Value="EIdDnsResolverError"/>
      </Item6>
      <Item7>
        <Name Value="EIdOSSLCouldNotLoadSSLLibrary"/>
      </Item7>
    </Exceptions>
  </Debugging>
</CONFIG>
